// !$*UTF8*$!
{
	archiveVersion = 1;
	classes = {
	};
	objectVersion = 63;
	objects = {

/* Begin PBXBuildFile section */
		0A6B7D101122334455667788 /* Resources in Resources */ = {isa = PBXBuildFile; fileRef = 0A6B7D201122334455667788 /* Resources */; };
		11C22D331122334455667788 /* ClusterCoordinator.swift in Sources */ = {isa = PBXBuildFile; fileRef = 11C22D441122334455667788 /* ClusterCoordinator.swift */; };
		1F7A11C22D33445566778899 /* Sparkle in Frameworks */ = {isa = PBXBuildFile; productRef = 1F7A11C22D33445566778898 /* Sparkle */; };
		20382A9EF51DD3FD3E6D9FA2 /* SwiftBotApp.swift in Sources */ = {isa = PBXBuildFile; fileRef = EA30CC27A218AF533E2E4C0E /* SwiftBotApp.swift */; };
		259ADBC5CA9C03B29493726F /* AppModel.swift in Sources */ = {isa = PBXBuildFile; fileRef = 6337960E98AEBC0A19A67531 /* AppModel.swift */; };
		2A8C10001122334455667788 /* UpdateEngine in Frameworks */ = {isa = PBXBuildFile; productRef = 2A8C10101122334455667788 /* UpdateEngine */; };
		538A5B6B3E4166EE17B3A077 /* RootView.swift in Sources */ = {isa = PBXBuildFile; fileRef = 35480F12EB2C7DFB546BD550 /* RootView.swift */; };
		73BAC11337B101CC5C7AFCD2 /* DiscordService.swift in Sources */ = {isa = PBXBuildFile; fileRef = 0B3205CAA1A44F7E79578277 /* DiscordService.swift */; };
		75F7879D2B8A080849E4D4A2 /* Models.swift in Sources */ = {isa = PBXBuildFile; fileRef = 010969C7B6435248430DD012 /* Models.swift */; };
		8D8E9F001122334455667788 /* AppUpdater.swift in Sources */ = {isa = PBXBuildFile; fileRef = 8D8E9F101122334455667788 /* AppUpdater.swift */; };
		9A8B7C601122334455667788 /* SwiftBot.icon in Resources */ = {isa = PBXBuildFile; fileRef = 5015DDB02F554EF200618C6D /* SwiftBot.icon */; };
		A7B810001122334455667788 /* PatchyView.swift in Sources */ = {isa = PBXBuildFile; fileRef = A7B811001122334455667788 /* PatchyView.swift */; };
		A7B812001122334455667788 /* PatchyViewModel.swift in Sources */ = {isa = PBXBuildFile; fileRef = A7B813001122334455667788 /* PatchyViewModel.swift */; };
		D1A2B3C40102030405060708 /* DiagnosticsView.swift in Sources */ = {isa = PBXBuildFile; fileRef = D1A2B3C50102030405060708 /* DiagnosticsView.swift */; };
		E4C1A9000102030405060708 /* WikiBridgeView.swift in Sources */ = {isa = PBXBuildFile; fileRef = E4C1A9010102030405060708 /* WikiBridgeView.swift */; };
		F2BE0FA6AB43AF1AB21CD5D7 /* Persistence.swift in Sources */ = {isa = PBXBuildFile; fileRef = F9564766EDA4C18D06A84BCB /* Persistence.swift */; };
/* End PBXBuildFile section */

/* Begin PBXFileReference section */
		010969C7B6435248430DD012 /* Models.swift */ = {isa = PBXFileReference; lastKnownFileType = sourcecode.swift; path = Models.swift; sourceTree = "<group>"; };
		0A6B7D201122334455667788 /* Resources */ = {isa = PBXFileReference; lastKnownFileType = folder; path = Resources; sourceTree = "<group>"; };
		0B3205CAA1A44F7E79578277 /* DiscordService.swift */ = {isa = PBXFileReference; lastKnownFileType = sourcecode.swift; path = DiscordService.swift; sourceTree = "<group>"; };
		11C22D441122334455667788 /* ClusterCoordinator.swift */ = {isa = PBXFileReference; lastKnownFileType = sourcecode.swift; path = ClusterCoordinator.swift; sourceTree = "<group>"; };
		35480F12EB2C7DFB546BD550 /* RootView.swift */ = {isa = PBXFileReference; lastKnownFileType = sourcecode.swift; path = RootView.swift; sourceTree = "<group>"; };
		44A31413B04848EB75D50EFA /* SwiftBot.app */ = {isa = PBXFileReference; explicitFileType = wrapper.application; includeInIndex = 0; path = SwiftBot.app; sourceTree = BUILT_PRODUCTS_DIR; };
		5015DDB02F554EF200618C6D /* SwiftBot.icon */ = {isa = PBXFileReference; lastKnownFileType = folder.iconcomposer.icon; path = SwiftBot.icon; sourceTree = SOURCE_ROOT; };
		5015DDB42F55851D00618C6D /* SwiftBot-Info.plist */ = {isa = PBXFileReference; lastKnownFileType = text.plist; path = "SwiftBot-Info.plist"; sourceTree = "<group>"; };
		6337960E98AEBC0A19A67531 /* AppModel.swift */ = {isa = PBXFileReference; lastKnownFileType = sourcecode.swift; path = AppModel.swift; sourceTree = "<group>"; };
		8D8E9F101122334455667788 /* AppUpdater.swift */ = {isa = PBXFileReference; lastKnownFileType = sourcecode.swift; path = AppUpdater.swift; sourceTree = "<group>"; };
		A7B811001122334455667788 /* PatchyView.swift */ = {isa = PBXFileReference; lastKnownFileType = sourcecode.swift; path = PatchyView.swift; sourceTree = "<group>"; };
		A7B813001122334455667788 /* PatchyViewModel.swift */ = {isa = PBXFileReference; lastKnownFileType = sourcecode.swift; path = PatchyViewModel.swift; sourceTree = "<group>"; };
		D1A2B3C50102030405060708 /* DiagnosticsView.swift */ = {isa = PBXFileReference; lastKnownFileType = sourcecode.swift; path = DiagnosticsView.swift; sourceTree = "<group>"; };
		E4C1A9010102030405060708 /* WikiBridgeView.swift */ = {isa = PBXFileReference; lastKnownFileType = sourcecode.swift; path = WikiBridgeView.swift; sourceTree = "<group>"; };
		EA30CC27A218AF533E2E4C0E /* SwiftBotApp.swift */ = {isa = PBXFileReference; lastKnownFileType = sourcecode.swift; path = SwiftBotApp.swift; sourceTree = "<group>"; };
		F9564766EDA4C18D06A84BCB /* Persistence.swift */ = {isa = PBXFileReference; lastKnownFileType = sourcecode.swift; path = Persistence.swift; sourceTree = "<group>"; };
/* End PBXFileReference section */

/* Begin PBXFrameworksBuildPhase section */
		1F7A11C22D33445566778897 /* Frameworks */ = {
			isa = PBXFrameworksBuildPhase;
			buildActionMask = 2147483647;
			files = (
				1F7A11C22D33445566778899 /* Sparkle in Frameworks */,
				2A8C10001122334455667788 /* UpdateEngine in Frameworks */,
			);
			runOnlyForDeploymentPostprocessing = 0;
		};
/* End PBXFrameworksBuildPhase section */

/* Begin PBXGroup section */
		23AB887A5919EB91B14F0046 = {
			isa = PBXGroup;
			children = (
				5015DDB42F55851D00618C6D /* SwiftBot-Info.plist */,
				5015DDB02F554EF200618C6D /* SwiftBot.icon */,
				B1576087F628D0A5598994F5 /* SwiftBotApp */,
				94552BCD00E80365B7E02046 /* Products */,
			);
			sourceTree = "<group>";
		};
		94552BCD00E80365B7E02046 /* Products */ = {
			isa = PBXGroup;
			children = (
				44A31413B04848EB75D50EFA /* SwiftBot.app */,
			);
			name = Products;
			sourceTree = "<group>";
		};
		B1576087F628D0A5598994F5 /* SwiftBotApp */ = {
			isa = PBXGroup;
			children = (
				6337960E98AEBC0A19A67531 /* AppModel.swift */,
				8D8E9F101122334455667788 /* AppUpdater.swift */,
				11C22D441122334455667788 /* ClusterCoordinator.swift */,
				A7B811001122334455667788 /* PatchyView.swift */,
				A7B813001122334455667788 /* PatchyViewModel.swift */,
				EA30CC27A218AF533E2E4C0E /* SwiftBotApp.swift */,
				0B3205CAA1A44F7E79578277 /* DiscordService.swift */,
				010969C7B6435248430DD012 /* Models.swift */,
				F9564766EDA4C18D06A84BCB /* Persistence.swift */,
				D1A2B3C50102030405060708 /* DiagnosticsView.swift */,
				E4C1A9010102030405060708 /* WikiBridgeView.swift */,
				0A6B7D201122334455667788 /* Resources */,
				35480F12EB2C7DFB546BD550 /* RootView.swift */,
			);
			path = SwiftBotApp;
			sourceTree = "<group>";
		};
/* End PBXGroup section */

/* Begin PBXNativeTarget section */
		38CB9D1B9F4C791831BD4560 /* SwiftBot */ = {
			isa = PBXNativeTarget;
			buildConfigurationList = 54E3BB8F01147895EA783B3E /* Build configuration list for PBXNativeTarget "SwiftBot" */;
			buildPhases = (
				1F7A11C22D33445566778897 /* Frameworks */,
				0A6B7D301122334455667788 /* Resources */,
				E7C6ACB1EED7DC017665578C /* Sources */,
			);
			buildRules = (
			);
			dependencies = (
			);
			name = SwiftBot;
			packageProductDependencies = (
				1F7A11C22D33445566778898 /* Sparkle */,
				2A8C10101122334455667788 /* UpdateEngine */,
			);
			productName = SwiftBot;
			productReference = 44A31413B04848EB75D50EFA /* SwiftBot.app */;
			productType = "com.apple.product-type.application";
		};
/* End PBXNativeTarget section */

/* Begin PBXProject section */
		3BD77BC016D6E32A8E693A59 /* Project object */ = {
			isa = PBXProject;
			attributes = {
				BuildIndependentTargetsInParallel = YES;
				LastUpgradeCheck = 1430;
			};
			buildConfigurationList = 81CA7B1A81AF2F66208AC01D /* Build configuration list for PBXProject "SwiftBot" */;
			compatibilityVersion = "Xcode 14.0";
			developmentRegion = en;
			hasScannedForEncodings = 0;
			knownRegions = (
				Base,
				en,
			);
			mainGroup = 23AB887A5919EB91B14F0046;
			minimizedProjectReferenceProxies = 1;
			packageReferences = (
				1F7A11C22D33445566778896 /* XCRemoteSwiftPackageReference "Sparkle" */,
				2A8C10201122334455667788 /* XCLocalSwiftPackageReference "Sources/UpdateEngine" */,
			);
			projectDirPath = "";
			projectRoot = "";
			targets = (
				38CB9D1B9F4C791831BD4560 /* SwiftBot */,
			);
		};
/* End PBXProject section */

/* Begin PBXResourcesBuildPhase section */
		0A6B7D301122334455667788 /* Resources */ = {
			isa = PBXResourcesBuildPhase;
			buildActionMask = 2147483647;
			files = (
				9A8B7C601122334455667788 /* SwiftBot.icon in Resources */,
				0A6B7D101122334455667788 /* Resources in Resources */,
			);
			runOnlyForDeploymentPostprocessing = 0;
		};
/* End PBXResourcesBuildPhase section */

/* Begin PBXSourcesBuildPhase section */
		E7C6ACB1EED7DC017665578C /* Sources */ = {
			isa = PBXSourcesBuildPhase;
			buildActionMask = 2147483647;
			files = (
				259ADBC5CA9C03B29493726F /* AppModel.swift in Sources */,
				8D8E9F001122334455667788 /* AppUpdater.swift in Sources */,
				A7B810001122334455667788 /* PatchyView.swift in Sources */,
				A7B812001122334455667788 /* PatchyViewModel.swift in Sources */,
				11C22D331122334455667788 /* ClusterCoordinator.swift in Sources */,
				20382A9EF51DD3FD3E6D9FA2 /* SwiftBotApp.swift in Sources */,
				73BAC11337B101CC5C7AFCD2 /* DiscordService.swift in Sources */,
				75F7879D2B8A080849E4D4A2 /* Models.swift in Sources */,
				F2BE0FA6AB43AF1AB21CD5D7 /* Persistence.swift in Sources */,
				538A5B6B3E4166EE17B3A077 /* RootView.swift in Sources */,
				D1A2B3C40102030405060708 /* DiagnosticsView.swift in Sources */,
				E4C1A9000102030405060708 /* WikiBridgeView.swift in Sources */,
			);
			runOnlyForDeploymentPostprocessing = 0;
		};
/* End PBXSourcesBuildPhase section */

/* Begin XCBuildConfiguration section */
		19DDEE98357561AC9EA8526F /* Debug */ = {
			isa = XCBuildConfiguration;
			buildSettings = {
				ALWAYS_SEARCH_USER_PATHS = NO;
				ASSETCATALOG_COMPILER_APPICON_NAME = AppIcon;
				CLANG_ANALYZER_NONNULL = YES;
				CLANG_ANALYZER_NUMBER_OBJECT_CONVERSION = YES_AGGRESSIVE;
				CLANG_CXX_LANGUAGE_STANDARD = "gnu++14";
				CLANG_CXX_LIBRARY = "libc++";
				CLANG_ENABLE_MODULES = YES;
				CLANG_ENABLE_OBJC_ARC = YES;
				CLANG_ENABLE_OBJC_WEAK = YES;
				CLANG_WARN_BLOCK_CAPTURE_AUTORELEASING = YES;
				CLANG_WARN_BOOL_CONVERSION = YES;
				CLANG_WARN_COMMA = YES;
				CLANG_WARN_CONSTANT_CONVERSION = YES;
				CLANG_WARN_DEPRECATED_OBJC_IMPLEMENTATIONS = YES;
				CLANG_WARN_DIRECT_OBJC_ISA_USAGE = YES_ERROR;
				CLANG_WARN_DOCUMENTATION_COMMENTS = YES;
				CLANG_WARN_EMPTY_BODY = YES;
				CLANG_WARN_ENUM_CONVERSION = YES;
				CLANG_WARN_INFINITE_RECURSION = YES;
				CLANG_WARN_INT_CONVERSION = YES;
				CLANG_WARN_NON_LITERAL_NULL_CONVERSION = YES;
				CLANG_WARN_OBJC_IMPLICIT_RETAIN_SELF = YES;
				CLANG_WARN_OBJC_LITERAL_CONVERSION = YES;
				CLANG_WARN_OBJC_ROOT_CLASS = YES_ERROR;
				CLANG_WARN_QUOTED_INCLUDE_IN_FRAMEWORK_HEADER = YES;
				CLANG_WARN_RANGE_LOOP_ANALYSIS = YES;
				CLANG_WARN_STRICT_PROTOTYPES = YES;
				CLANG_WARN_SUSPICIOUS_MOVE = YES;
				CLANG_WARN_UNGUARDED_AVAILABILITY = YES_AGGRESSIVE;
				CLANG_WARN_UNREACHABLE_CODE = YES;
				CLANG_WARN__DUPLICATE_METHOD_MATCH = YES;
				COPY_PHASE_STRIP = NO;
				DEBUG_INFORMATION_FORMAT = dwarf;
				ENABLE_STRICT_OBJC_MSGSEND = YES;
				ENABLE_TESTABILITY = YES;
				GCC_C_LANGUAGE_STANDARD = gnu11;
				GCC_DYNAMIC_NO_PIC = NO;
				GCC_NO_COMMON_BLOCKS = YES;
				GCC_OPTIMIZATION_LEVEL = 0;
				GCC_PREPROCESSOR_DEFINITIONS = (
					"$(inherited)",
					"DEBUG=1",
				);
				GCC_WARN_64_TO_32_BIT_CONVERSION = YES;
				GCC_WARN_ABOUT_RETURN_TYPE = YES_ERROR;
				GCC_WARN_UNDECLARED_SELECTOR = YES;
				GCC_WARN_UNINITIALIZED_AUTOS = YES_AGGRESSIVE;
				GCC_WARN_UNUSED_FUNCTION = YES;
				GCC_WARN_UNUSED_VARIABLE = YES;
				MACOSX_DEPLOYMENT_TARGET = 26.0;
				MTL_ENABLE_DEBUG_INFO = INCLUDE_SOURCE;
				MTL_FAST_MATH = YES;
				ONLY_ACTIVE_ARCH = YES;
				PRODUCT_BUNDLE_IDENTIFIER = com.john.swiftbot;
				PRODUCT_NAME = "$(TARGET_NAME)";
				SDKROOT = macosx;
				SWIFT_ACTIVE_COMPILATION_CONDITIONS = DEBUG;
				SWIFT_OPTIMIZATION_LEVEL = "-Onone";
				SWIFT_VERSION = 5.9;
			};
			name = Debug;
		};
		293E5BAB59887771C0591595 /* Release */ = {
			isa = XCBuildConfiguration;
			buildSettings = {
				ALWAYS_SEARCH_USER_PATHS = NO;
				ASSETCATALOG_COMPILER_APPICON_NAME = AppIcon;
				CLANG_ANALYZER_NONNULL = YES;
				CLANG_ANALYZER_NUMBER_OBJECT_CONVERSION = YES_AGGRESSIVE;
				CLANG_CXX_LANGUAGE_STANDARD = "gnu++14";
				CLANG_CXX_LIBRARY = "libc++";
				CLANG_ENABLE_MODULES = YES;
				CLANG_ENABLE_OBJC_ARC = YES;
				CLANG_ENABLE_OBJC_WEAK = YES;
				CLANG_WARN_BLOCK_CAPTURE_AUTORELEASING = YES;
				CLANG_WARN_BOOL_CONVERSION = YES;
				CLANG_WARN_COMMA = YES;
				CLANG_WARN_CONSTANT_CONVERSION = YES;
				CLANG_WARN_DEPRECATED_OBJC_IMPLEMENTATIONS = YES;
				CLANG_WARN_DIRECT_OBJC_ISA_USAGE = YES_ERROR;
				CLANG_WARN_DOCUMENTATION_COMMENTS = YES;
				CLANG_WARN_EMPTY_BODY = YES;
				CLANG_WARN_ENUM_CONVERSION = YES;
				CLANG_WARN_INFINITE_RECURSION = YES;
				CLANG_WARN_INT_CONVERSION = YES;
				CLANG_WARN_NON_LITERAL_NULL_CONVERSION = YES;
				CLANG_WARN_OBJC_IMPLICIT_RETAIN_SELF = YES;
				CLANG_WARN_OBJC_LITERAL_CONVERSION = YES;
				CLANG_WARN_OBJC_ROOT_CLASS = YES_ERROR;
				CLANG_WARN_QUOTED_INCLUDE_IN_FRAMEWORK_HEADER = YES;
				CLANG_WARN_RANGE_LOOP_ANALYSIS = YES;
				CLANG_WARN_STRICT_PROTOTYPES = YES;
				CLANG_WARN_SUSPICIOUS_MOVE = YES;
				CLANG_WARN_UNGUARDED_AVAILABILITY = YES_AGGRESSIVE;
				CLANG_WARN_UNREACHABLE_CODE = YES;
				CLANG_WARN__DUPLICATE_METHOD_MATCH = YES;
				COPY_PHASE_STRIP = NO;
				DEBUG_INFORMATION_FORMAT = "dwarf-with-dsym";
				ENABLE_NS_ASSERTIONS = NO;
				ENABLE_STRICT_OBJC_MSGSEND = YES;
				GCC_C_LANGUAGE_STANDARD = gnu11;
				GCC_NO_COMMON_BLOCKS = YES;
				GCC_WARN_64_TO_32_BIT_CONVERSION = YES;
				GCC_WARN_ABOUT_RETURN_TYPE = YES_ERROR;
				GCC_WARN_UNDECLARED_SELECTOR = YES;
				GCC_WARN_UNINITIALIZED_AUTOS = YES_AGGRESSIVE;
				GCC_WARN_UNUSED_FUNCTION = YES;
				GCC_WARN_UNUSED_VARIABLE = YES;
				MACOSX_DEPLOYMENT_TARGET = 26.0;
				MTL_ENABLE_DEBUG_INFO = NO;
				MTL_FAST_MATH = YES;
				PRODUCT_BUNDLE_IDENTIFIER = com.john.swiftbot;
				PRODUCT_NAME = "$(TARGET_NAME)";
				SDKROOT = macosx;
				SWIFT_COMPILATION_MODE = wholemodule;
				SWIFT_OPTIMIZATION_LEVEL = "-O";
				SWIFT_VERSION = 5.9;
			};
			name = Release;
		};
		814B5B590EA2D69F135BB12A /* Debug */ = {
			isa = XCBuildConfiguration;
			buildSettings = {
				ASSETCATALOG_COMPILER_APPICON_NAME = SwiftBot;
				AUTOMATION_APPLE_EVENTS = NO;
				CODE_SIGNING_ALLOWED = NO;
				CODE_SIGN_STYLE = Manual;
				COMBINE_HIDPI_IMAGES = YES;
				CURRENT_PROJECT_VERSION = 161;
				DEVELOPMENT_TEAM = "";
				ENABLE_HARDENED_RUNTIME = YES;
				ENABLE_RESOURCE_ACCESS_AUDIO_INPUT = NO;
				ENABLE_RESOURCE_ACCESS_CALENDARS = NO;
				ENABLE_RESOURCE_ACCESS_CAMERA = NO;
				ENABLE_RESOURCE_ACCESS_CONTACTS = NO;
				ENABLE_RESOURCE_ACCESS_LOCATION = NO;
				ENABLE_RESOURCE_ACCESS_PHOTO_LIBRARY = NO;
				GENERATE_INFOPLIST_FILE = YES;
				INFOPLIST_FILE = "SwiftBot-Info.plist";
				INFOPLIST_KEY_CFBundleDisplayName = SwiftBot;
				INFOPLIST_KEY_CFBundleName = SwiftBot;
				INFOPLIST_KEY_LSApplicationCategoryType = "";
				INFOPLIST_KEY_LSMinimumSystemVersion = 26.0;
				INFOPLIST_KEY_NSHighResolutionCapable = YES;
				INFOPLIST_KEY_NSLocalNetworkUsageDescription = "SwiftBot needs local network access to reach other leader/worker SwiftBots";
				INFOPLIST_KEY_SUEnableAutomaticChecks = YES;
				INFOPLIST_KEY_SUFeedURL = "https://johnwatso.github.io/SwiftBot/appcast.xml";
				INFOPLIST_KEY_SUPublicEDKey = "rxaJsfCpTKtpqRubSfkJwKnztT5S8RHsdAueuT+jKck=";
				LD_RUNPATH_SEARCH_PATHS = (
					"$(inherited)",
					"@executable_path/../Frameworks",
				);
				MACOSX_DEPLOYMENT_TARGET = 26.0;
				MARKETING_VERSION = 1.6.1;
				PRODUCT_BUNDLE_IDENTIFIER = com.example.swiftbot;
				PRODUCT_NAME = SwiftBot;
				PROVISIONING_PROFILE_SPECIFIER = "";
				RUNTIME_EXCEPTION_ALLOW_DYLD_ENVIRONMENT_VARIABLES = NO;
				RUNTIME_EXCEPTION_ALLOW_JIT = NO;
				RUNTIME_EXCEPTION_ALLOW_UNSIGNED_EXECUTABLE_MEMORY = NO;
				RUNTIME_EXCEPTION_DEBUGGING_TOOL = NO;
				RUNTIME_EXCEPTION_DISABLE_EXECUTABLE_PAGE_PROTECTION = NO;
				RUNTIME_EXCEPTION_DISABLE_LIBRARY_VALIDATION = NO;
				SDKROOT = macosx;
			};
			name = Debug;
		};
		C6AE148F24F0271FED0E29FE /* Release */ = {
			isa = XCBuildConfiguration;
			buildSettings = {
				ASSETCATALOG_COMPILER_APPICON_NAME = SwiftBot;
				AUTOMATION_APPLE_EVENTS = NO;
				CODE_SIGNING_ALLOWED = YES;
				CODE_SIGN_STYLE = Manual;
				COMBINE_HIDPI_IMAGES = YES;
				CURRENT_PROJECT_VERSION = 161;
				DEVELOPMENT_TEAM = "";
				ENABLE_HARDENED_RUNTIME = YES;
				ENABLE_RESOURCE_ACCESS_AUDIO_INPUT = NO;
				ENABLE_RESOURCE_ACCESS_CALENDARS = NO;
				ENABLE_RESOURCE_ACCESS_CAMERA = NO;
				ENABLE_RESOURCE_ACCESS_CONTACTS = NO;
				ENABLE_RESOURCE_ACCESS_LOCATION = NO;
				ENABLE_RESOURCE_ACCESS_PHOTO_LIBRARY = NO;
				GENERATE_INFOPLIST_FILE = YES;
				INFOPLIST_FILE = "SwiftBot-Info.plist";
				INFOPLIST_KEY_CFBundleDisplayName = SwiftBot;
				INFOPLIST_KEY_CFBundleName = SwiftBot;
				INFOPLIST_KEY_LSApplicationCategoryType = "";
				INFOPLIST_KEY_LSMinimumSystemVersion = 26.0;
				INFOPLIST_KEY_NSHighResolutionCapable = YES;
				INFOPLIST_KEY_NSLocalNetworkUsageDescription = "SwiftBot needs local network access to reach other leader/worker SwiftBots";
				INFOPLIST_KEY_SUEnableAutomaticChecks = YES;
				INFOPLIST_KEY_SUFeedURL = "https://johnwatso.github.io/SwiftBot/appcast.xml";
				INFOPLIST_KEY_SUPublicEDKey = "rxaJsfCpTKtpqRubSfkJwKnztT5S8RHsdAueuT+jKck=";
				LD_RUNPATH_SEARCH_PATHS = (
					"$(inherited)",
					"@executable_path/../Frameworks",
				);
				MACOSX_DEPLOYMENT_TARGET = 26.0;
				MARKETING_VERSION = 1.6.1;
				PRODUCT_BUNDLE_IDENTIFIER = com.example.swiftbot;
				PRODUCT_NAME = SwiftBot;
				PROVISIONING_PROFILE_SPECIFIER = "";
				RUNTIME_EXCEPTION_ALLOW_DYLD_ENVIRONMENT_VARIABLES = NO;
				RUNTIME_EXCEPTION_ALLOW_JIT = NO;
				RUNTIME_EXCEPTION_ALLOW_UNSIGNED_EXECUTABLE_MEMORY = NO;
				RUNTIME_EXCEPTION_DEBUGGING_TOOL = NO;
				RUNTIME_EXCEPTION_DISABLE_EXECUTABLE_PAGE_PROTECTION = NO;
				RUNTIME_EXCEPTION_DISABLE_LIBRARY_VALIDATION = NO;
				SDKROOT = macosx;
			};
			name = Release;
		};
/* End XCBuildConfiguration section */

/* Begin XCConfigurationList section */
		54E3BB8F01147895EA783B3E /* Build configuration list for PBXNativeTarget "SwiftBot" */ = {
			isa = XCConfigurationList;
			buildConfigurations = (
				814B5B590EA2D69F135BB12A /* Debug */,
				C6AE148F24F0271FED0E29FE /* Release */,
			);
			defaultConfigurationIsVisible = 0;
			defaultConfigurationName = Debug;
		};
		81CA7B1A81AF2F66208AC01D /* Build configuration list for PBXProject "SwiftBot" */ = {
			isa = XCConfigurationList;
			buildConfigurations = (
				19DDEE98357561AC9EA8526F /* Debug */,
				293E5BAB59887771C0591595 /* Release */,
			);
			defaultConfigurationIsVisible = 0;
			defaultConfigurationName = Debug;
		};
/* End XCConfigurationList section */

/* Begin XCLocalSwiftPackageReference section */
		2A8C10201122334455667788 /* XCLocalSwiftPackageReference "Sources/UpdateEngine" */ = {
			isa = XCLocalSwiftPackageReference;
			relativePath = Sources/UpdateEngine;
		};
/* End XCLocalSwiftPackageReference section */

/* Begin XCRemoteSwiftPackageReference section */
		1F7A11C22D33445566778896 /* XCRemoteSwiftPackageReference "Sparkle" */ = {
			isa = XCRemoteSwiftPackageReference;
			repositoryURL = "https://github.com/sparkle-project/Sparkle";
			requirement = {
				kind = upToNextMajorVersion;
				minimumVersion = 2.8.0;
			};
		};
/* End XCRemoteSwiftPackageReference section */

/* Begin XCSwiftPackageProductDependency section */
		1F7A11C22D33445566778898 /* Sparkle */ = {
			isa = XCSwiftPackageProductDependency;
			package = 1F7A11C22D33445566778896 /* XCRemoteSwiftPackageReference "Sparkle" */;
			productName = Sparkle;
		};
		2A8C10101122334455667788 /* UpdateEngine */ = {
			isa = XCSwiftPackageProductDependency;
			package = 2A8C10201122334455667788 /* XCLocalSwiftPackageReference "Sources/UpdateEngine" */;
			productName = UpdateEngine;
		};
/* End XCSwiftPackageProductDependency section */
	};
	rootObject = 3BD77BC016D6E32A8E693A59 /* Project object */;
}
